
Microsoft Visual Studio Solution File, Format Version 12.00
# Visual Studio Version 16
VisualStudioVersion = 16.0.31702.278
MinimumVisualStudioVersion = 10.0.40219.1
Project("{FAE04EC0-301F-11D3-BF4B-00C04F79EFBC}") = "consoleapp", "consoleapp\consoleapp.csproj", "{C538172A-92D5-4BC3-8B37-DACBA937F346}"
EndProject
Global
	GlobalSection(SolutionConfigurationPlatforms) = preSolution
		Debug|Any CPU = Debug|Any CPU
		Release|Any CPU = Release|Any CPU
	EndGlobalSection
	GlobalSection(ProjectConfigurationPlatforms) = postSolution
		{C538172A-92D5-4BC3-8B37-DACBA937F346}.Debug|Any CPU.ActiveCfg = Debug|Any CPU
		{C538172A-92D5-4BC3-8B37-DACBA937F346}.Debug|Any CPU.Build.0 = Debug|Any CPU
		{C538172A-92D5-4BC3-8B37-DACBA937F346}.Release|Any CPU.ActiveCfg = Release|Any CPU
		{C538172A-92D5-4BC3-8B37-DACBA937F346}.Release|Any CPU.Build.0 = Release|Any CPU
	EndGlobalSection
	GlobalSection(SolutionProperties) = preSolution
		HideSolutionNode = FALSE
	EndGlobalSection
	GlobalSection(ExtensibilityGlobals) = postSolution
		SolutionGuid = {685F3EBF-23E7-41C2-A03B-7A592257C350}
	EndGlobalSection
EndGlobal
